github.com/guohuiyuan/music-lib v1.1.1-0.20260516045522-24754dc23629 h1:8T0rTdFz5HcrmYVNBsQIRNDK/tcMnugtW7/ExDysarI=
github.com/guohuiyuan/music-lib v1.1.1-0.20260516045522-24754dc23629/go.mod h1:iIFU9eHsTWF8Ovp36EL8MPxV9uw2N6BUNaZt/FQwAls=
golang.org/x/text v0.32.0 h1:ZD01bjUt1FQ9WJ0ClOL5vxgxOI/sVCNgX1YtKwcY0mU=
golang.org/x/text v0.32.0/go.mod h1:o/rUWzghvpD5TXrTIBuJU77MTaN0ljMWE47kxGJQ7jY=
